
Microsoft Visual Studio Solution File, Format Version 12.00
# Visual Studio Version 17
VisualStudioVersion = 17.2.32630.192
MinimumVisualStudioVersion = 10.0.40219.1
Project("{FAE04EC0-301F-11D3-BF4B-00C04F79EFBC}") = "NumBubbleSort", "NumBubbleSort\NumBubbleSort.csproj", "{588943A9-C9D6-48B6-85A5-7A2AF81764D3}"
EndProject
Global
	GlobalSection(SolutionConfigurationPlatforms) = preSolution
		Debug|Any CPU = Debug|Any CPU
		Release|Any CPU = Release|Any CPU
	EndGlobalSection
	GlobalSection(ProjectConfigurationPlatforms) = postSolution
		{588943A9-C9D6-48B6-85A5-7A2AF81764D3}.Debug|Any CPU.ActiveCfg = Debug|Any CPU
		{588943A9-C9D6-48B6-85A5-7A2AF81764D3}.Debug|Any CPU.Build.0 = Debug|Any CPU
		{588943A9-C9D6-48B6-85A5-7A2AF81764D3}.Release|Any CPU.ActiveCfg = Release|Any CPU
		{588943A9-C9D6-48B6-85A5-7A2AF81764D3}.Release|Any CPU.Build.0 = Release|Any CPU
	EndGlobalSection
	GlobalSection(SolutionProperties) = preSolution
		HideSolutionNode = FALSE
	EndGlobalSection
	GlobalSection(ExtensibilityGlobals) = postSolution
		SolutionGuid = {BCCF69F2-B622-42CA-B5DD-02B9460BCAD1}
	EndGlobalSection
EndGlobal
